// !$*UTF8*$!
{
	archiveVersion = 1;
	classes = {
	};
	objectVersion = 50;
	objects = {

/* Begin PBXBuildFile section */
		11E8BCED20DC91C1005B4B6A /* LoadingCell.xib in Resources */ = {isa = PBXBuildFile; fileRef = 11E8BCEC20DC91C1005B4B6A /* LoadingCell.xib */; };
		69096C9420D5C7C200F729A3 /* SearchResult.swift in Sources */ = {isa = PBXBuildFile; fileRef = 69096C9320D5C7C200F729A3 /* SearchResult.swift */; };
		697D495120D9F41000C41ACF /* SearchResultCell.swift in Sources */ = {isa = PBXBuildFile; fileRef = 697D495020D9F41000C41ACF /* SearchResultCell.swift */; };
		697D495320DA1AC700C41ACF /* NothingFoundCell.xib in Resources */ = {isa = PBXBuildFile; fileRef = 697D495220DA1AC700C41ACF /* NothingFoundCell.xib */; };
		698023A520D9474D00B677B2 /* SearchResultCell.xib in Resources */ = {isa = PBXBuildFile; fileRef = 698023A420D9474D00B677B2 /* SearchResultCell.xib */; };
		69DF155A20D0D88600A3400D /* AppDelegate.swift in Sources */ = {isa = PBXBuildFile; fileRef = 69DF155920D0D88600A3400D /* AppDelegate.swift */; };
		69DF155C20D0D88600A3400D /* SearchViewController.swift in Sources */ = {isa = PBXBuildFile; fileRef = 69DF155B20D0D88600A3400D /* SearchViewController.swift */; };
		69DF155F20D0D88600A3400D /* Main.storyboard in Resources */ = {isa = PBXBuildFile; fileRef = 69DF155D20D0D88600A3400D /* Main.storyboard */; };
		69DF156120D0D88800A3400D /* Assets.xcassets in Resources */ = {isa = PBXBuildFile; fileRef = 69DF156020D0D88800A3400D /* Assets.xcassets */; };
		69DF156420D0D88800A3400D /* LaunchScreen.storyboard in Resources */ = {isa = PBXBuildFile; fileRef = 69DF156220D0D88800A3400D /* LaunchScreen.storyboard */; };
/* End PBXBuildFile section */

/* Begin PBXFileReference section */
		11E8BCEC20DC91C1005B4B6A /* LoadingCell.xib */ = {isa = PBXFileReference; lastKnownFileType = file.xib; path = LoadingCell.xib; sourceTree = "<group>"; };
		69096C9320D5C7C200F729A3 /* SearchResult.swift */ = {isa = PBXFileReference; lastKnownFileType = sourcecode.swift; path = SearchResult.swift; sourceTree = "<group>"; };
		697D495020D9F41000C41ACF /* SearchResultCell.swift */ = {isa = PBXFileReference; lastKnownFileType = sourcecode.swift; path = SearchResultCell.swift; sourceTree = "<group>"; };
		697D495220DA1AC700C41ACF /* NothingFoundCell.xib */ = {isa = PBXFileReference; fileEncoding = 4; lastKnownFileType = file.xib; path = NothingFoundCell.xib; sourceTree = "<group>"; };
		698023A420D9474D00B677B2 /* SearchResultCell.xib */ = {isa = PBXFileReference; lastKnownFileType = file.xib; path = SearchResultCell.xib; sourceTree = "<group>"; };
		69DF155620D0D88600A3400D /* JDStoreSearch.app */ = {isa = PBXFileReference; explicitFileType = wrapper.application; includeInIndex = 0; path = JDStoreSearch.app; sourceTree = BUILT_PRODUCTS_DIR; };
		69DF155920D0D88600A3400D /* AppDelegate.swift */ = {isa = PBXFileReference; lastKnownFileType = sourcecode.swift; path = AppDelegate.swift; sourceTree = "<group>"; };
		69DF155B20D0D88600A3400D /* SearchViewController.swift */ = {isa = PBXFileReference; lastKnownFileType = sourcecode.swift; path = SearchViewController.swift; sourceTree = "<group>"; };
		69DF155E20D0D88600A3400D /* Base */ = {isa = PBXFileReference; lastKnownFileType = file.storyboard; name = Base; path = Base.lproj/Main.storyboard; sourceTree = "<group>"; };
		69DF156020D0D88800A3400D /* Assets.xcassets */ = {isa = PBXFileReference; lastKnownFileType = folder.assetcatalog; path = Assets.xcassets; sourceTree = "<group>"; };
		69DF156320D0D88800A3400D /* Base */ = {isa = PBXFileReference; lastKnownFileType = file.storyboard; name = Base; path = Base.lproj/LaunchScreen.storyboard; sourceTree = "<group>"; };
		69DF156520D0D88800A3400D /* Info.plist */ = {isa = PBXFileReference; lastKnownFileType = text.plist.xml; path = Info.plist; sourceTree = "<group>"; };
/* End PBXFileReference section */

/* Begin PBXFrameworksBuildPhase section */
		69DF155320D0D88600A3400D /* Frameworks */ = {
			isa = PBXFrameworksBuildPhase;
			buildActionMask = 2147483647;
			files = (
			);
			runOnlyForDeploymentPostprocessing = 0;
		};
/* End PBXFrameworksBuildPhase section */

/* Begin PBXGroup section */
		69DF154D20D0D88600A3400D = {
			isa = PBXGroup;
			children = (
				69DF155820D0D88600A3400D /* JDStoreSearch */,
				69DF155720D0D88600A3400D /* Products */,
			);
			sourceTree = "<group>";
		};
		69DF155720D0D88600A3400D /* Products */ = {
			isa = PBXGroup;
			children = (
				69DF155620D0D88600A3400D /* JDStoreSearch.app */,
			);
			name = Products;
			sourceTree = "<group>";
		};
		69DF155820D0D88600A3400D /* JDStoreSearch */ = {
			isa = PBXGroup;
			children = (
				69DF155920D0D88600A3400D /* AppDelegate.swift */,
				69DF156020D0D88800A3400D /* Assets.xcassets */,
				69DF156520D0D88800A3400D /* Info.plist */,
				69DF156220D0D88800A3400D /* LaunchScreen.storyboard */,
				69DF155D20D0D88600A3400D /* Main.storyboard */,
				69096C9320D5C7C200F729A3 /* SearchResult.swift */,
				698023A420D9474D00B677B2 /* SearchResultCell.xib */,
				697D495020D9F41000C41ACF /* SearchResultCell.swift */,
				69DF155B20D0D88600A3400D /* SearchViewController.swift */,
				697D495220DA1AC700C41ACF /* NothingFoundCell.xib */,
				11E8BCEC20DC91C1005B4B6A /* LoadingCell.xib */,
			);
			path = JDStoreSearch;
			sourceTree = "<group>";
		};
/* End PBXGroup section */

/* Begin PBXNativeTarget section */
		69DF155520D0D88600A3400D /* JDStoreSearch */ = {
			isa = PBXNativeTarget;
			buildConfigurationList = 69DF156820D0D88800A3400D /* Build configuration list for PBXNativeTarget "JDStoreSearch" */;
			buildPhases = (
				69DF155220D0D88600A3400D /* Sources */,
				69DF155320D0D88600A3400D /* Frameworks */,
				69DF155420D0D88600A3400D /* Resources */,
			);
			buildRules = (
			);
			dependencies = (
			);
			name = JDStoreSearch;
			productName = JDStoreSearch;
			productReference = 69DF155620D0D88600A3400D /* JDStoreSearch.app */;
			productType = "com.apple.product-type.application";
		};
/* End PBXNativeTarget section */

/* Begin PBXProject section */
		69DF154E20D0D88600A3400D /* Project object */ = {
			isa = PBXProject;
			attributes = {
				LastSwiftUpdateCheck = 0940;
				LastUpgradeCheck = 0940;
				ORGANIZATIONNAME = "Jason Panzer";
				TargetAttributes = {
					69DF155520D0D88600A3400D = {
						CreatedOnToolsVersion = 9.4;
					};
				};
			};
			buildConfigurationList = 69DF155120D0D88600A3400D /* Build configuration list for PBXProject "JDStoreSearch" */;
			compatibilityVersion = "Xcode 9.3";
			developmentRegion = en;
			hasScannedForEncodings = 0;
			knownRegions = (
				en,
				Base,
			);
			mainGroup = 69DF154D20D0D88600A3400D;
			productRefGroup = 69DF155720D0D88600A3400D /* Products */;
			projectDirPath = "";
			projectRoot = "";
			targets = (
				69DF155520D0D88600A3400D /* JDStoreSearch */,
			);
		};
/* End PBXProject section */

/* Begin PBXResourcesBuildPhase section */
		69DF155420D0D88600A3400D /* Resources */ = {
			isa = PBXResourcesBuildPhase;
			buildActionMask = 2147483647;
			files = (
				69DF156420D0D88800A3400D /* LaunchScreen.storyboard in Resources */,
				69DF156120D0D88800A3400D /* Assets.xcassets in Resources */,
				11E8BCED20DC91C1005B4B6A /* LoadingCell.xib in Resources */,
				698023A520D9474D00B677B2 /* SearchResultCell.xib in Resources */,
				697D495320DA1AC700C41ACF /* NothingFoundCell.xib in Resources */,
				69DF155F20D0D88600A3400D /* Main.storyboard in Resources */,
			);
			runOnlyForDeploymentPostprocessing = 0;
		};
/* End PBXResourcesBuildPhase section */

/* Begin PBXSourcesBuildPhase section */
		69DF155220D0D88600A3400D /* Sources */ = {
			isa = PBXSourcesBuildPhase;
			buildActionMask = 2147483647;
			files = (
				69DF155C20D0D88600A3400D /* SearchViewController.swift in Sources */,
				69096C9420D5C7C200F729A3 /* SearchResult.swift in Sources */,
				697D495120D9F41000C41ACF /* SearchResultCell.swift in Sources */,
				69DF155A20D0D88600A3400D /* AppDelegate.swift in Sources */,
			);
			runOnlyForDeploymentPostprocessing = 0;
		};
/* End PBXSourcesBuildPhase section */

/* Begin PBXVariantGroup section */
		69DF155D20D0D88600A3400D /* Main.storyboard */ = {
			isa = PBXVariantGroup;
			children = (
				69DF155E20D0D88600A3400D /* Base */,
			);
			name = Main.storyboard;
			sourceTree = "<group>";
		};
		69DF156220D0D88800A3400D /* LaunchScreen.storyboard */ = {
			isa = PBXVariantGroup;
			children = (
				69DF156320D0D88800A3400D /* Base */,
			);
			name = LaunchScreen.storyboard;
			sourceTree = "<group>";
		};
/* End PBXVariantGroup section */

/* Begin XCBuildConfiguration section */
		69DF156620D0D88800A3400D /* Debug */ = {
			isa = XCBuildConfiguration;
			buildSettings = {
				ALWAYS_SEARCH_USER_PATHS = NO;
				CLANG_ANALYZER_NONNULL = YES;
				CLANG_ANALYZER_NUMBER_OBJECT_CONVERSION = YES_AGGRESSIVE;
				CLANG_CXX_LANGUAGE_STANDARD = "gnu++14";
				CLANG_CXX_LIBRARY = "libc++";
				CLANG_ENABLE_MODULES = YES;
				CLANG_ENABLE_OBJC_ARC = YES;
				CLANG_ENABLE_OBJC_WEAK = YES;
				CLANG_WARN_BLOCK_CAPTURE_AUTORELEASING = YES;
				CLANG_WARN_BOOL_CONVERSION = YES;
				CLANG_WARN_COMMA = YES;
				CLANG_WARN_CONSTANT_CONVERSION = YES;
				CLANG_WARN_DEPRECATED_OBJC_IMPLEMENTATIONS = YES;
				CLANG_WARN_DIRECT_OBJC_ISA_USAGE = YES_ERROR;
				CLANG_WARN_DOCUMENTATION_COMMENTS = YES;
				CLANG_WARN_EMPTY_BODY = YES;
				CLANG_WARN_ENUM_CONVERSION = YES;
				CLANG_WARN_INFINITE_RECURSION = YES;
				CLANG_WARN_INT_CONVERSION = YES;
				CLANG_WARN_NON_LITERAL_NULL_CONVERSION = YES;
				CLANG_WARN_OBJC_IMPLICIT_RETAIN_SELF = YES;
				CLANG_WARN_OBJC_LITERAL_CONVERSION = YES;
				CLANG_WARN_OBJC_ROOT_CLASS = YES_ERROR;
				CLANG_WARN_RANGE_LOOP_ANALYSIS = YES;
				CLANG_WARN_STRICT_PROTOTYPES = YES;
				CLANG_WARN_SUSPICIOUS_MOVE = YES;
				CLANG_WARN_UNGUARDED_AVAILABILITY = YES_AGGRESSIVE;
				CLANG_WARN_UNREACHABLE_CODE = YES;
				CLANG_WARN__DUPLICATE_METHOD_MATCH = YES;
				CODE_SIGN_IDENTITY = "iPhone Developer";
				COPY_PHASE_STRIP = NO;
				DEBUG_INFORMATION_FORMAT = dwarf;
				ENABLE_STRICT_OBJC_MSGSEND = YES;
				ENABLE_TESTABILITY = YES;
				GCC_C_LANGUAGE_STANDARD = gnu11;
				GCC_DYNAMIC_NO_PIC = NO;
				GCC_NO_COMMON_BLOCKS = YES;
				GCC_OPTIMIZATION_LEVEL = 0;
				GCC_PREPROCESSOR_DEFINITIONS = (
					"DEBUG=1",
					"$(inherited)",
				);
				GCC_WARN_64_TO_32_BIT_CONVERSION = YES;
				GCC_WARN_ABOUT_RETURN_TYPE = YES_ERROR;
				GCC_WARN_UNDECLARED_SELECTOR = YES;
				GCC_WARN_UNINITIALIZED_AUTOS = YES_AGGRESSIVE;
				GCC_WARN_UNUSED_FUNCTION = YES;
				GCC_WARN_UNUSED_VARIABLE = YES;
				IPHONEOS_DEPLOYMENT_TARGET = 11.4;
				MTL_ENABLE_DEBUG_INFO = YES;
				ONLY_ACTIVE_ARCH = YES;
				SDKROOT = iphoneos;
				SWIFT_ACTIVE_COMPILATION_CONDITIONS = DEBUG;
				SWIFT_OPTIMIZATION_LEVEL = "-Onone";
			};
			name = Debug;
		};
		69DF156720D0D88800A3400D /* Release */ = {
			isa = XCBuildConfiguration;
			buildSettings = {
				ALWAYS_SEARCH_USER_PATHS = NO;
				CLANG_ANALYZER_NONNULL = YES;
				CLANG_ANALYZER_NUMBER_OBJECT_CONVERSION = YES_AGGRESSIVE;
				CLANG_CXX_LANGUAGE_STANDARD = "gnu++14";
				CLANG_CXX_LIBRARY = "libc++";
				CLANG_ENABLE_MODULES = YES;
				CLANG_ENABLE_OBJC_ARC = YES;
				CLANG_ENABLE_OBJC_WEAK = YES;
				CLANG_WARN_BLOCK_CAPTURE_AUTORELEASING = YES;
				CLANG_WARN_BOOL_CONVERSION = YES;
				CLANG_WARN_COMMA = YES;
				CLANG_WARN_CONSTANT_CONVERSION = YES;
				CLANG_WARN_DEPRECATED_OBJC_IMPLEMENTATIONS = YES;
				CLANG_WARN_DIRECT_OBJC_ISA_USAGE = YES_ERROR;
				CLANG_WARN_DOCUMENTATION_COMMENTS = YES;
				CLANG_WARN_EMPTY_BODY = YES;
				CLANG_WARN_ENUM_CONVERSION = YES;
				CLANG_WARN_INFINITE_RECURSION = YES;
				CLANG_WARN_INT_CONVERSION = YES;
				CLANG_WARN_NON_LITERAL_NULL_CONVERSION = YES;
				CLANG_WARN_OBJC_IMPLICIT_RETAIN_SELF = YES;
				CLANG_WARN_OBJC_LITERAL_CONVERSION = YES;
				CLANG_WARN_OBJC_ROOT_CLASS = YES_ERROR;
				CLANG_WARN_RANGE_LOOP_ANALYSIS = YES;
				CLANG_WARN_STRICT_PROTOTYPES = YES;
				CLANG_WARN_SUSPICIOUS_MOVE = YES;
				CLANG_WARN_UNGUARDED_AVAILABILITY = YES_AGGRESSIVE;
				CLANG_WARN_UNREACHABLE_CODE = YES;
				CLANG_WARN__DUPLICATE_METHOD_MATCH = YES;
				CODE_SIGN_IDENTITY = "iPhone Developer";
				COPY_PHASE_STRIP = NO;
				DEBUG_INFORMATION_FORMAT = "dwarf-with-dsym";
				ENABLE_NS_ASSERTIONS = NO;
				ENABLE_STRICT_OBJC_MSGSEND = YES;
				GCC_C_LANGUAGE_STANDARD = gnu11;
				GCC_NO_COMMON_BLOCKS = YES;
				GCC_WARN_64_TO_32_BIT_CONVERSION = YES;
				GCC_WARN_ABOUT_RETURN_TYPE = YES_ERROR;
				GCC_WARN_UNDECLARED_SELECTOR = YES;
				GCC_WARN_UNINITIALIZED_AUTOS = YES_AGGRESSIVE;
				GCC_WARN_UNUSED_FUNCTION = YES;
				GCC_WARN_UNUSED_VARIABLE = YES;
				IPHONEOS_DEPLOYMENT_TARGET = 11.4;
				MTL_ENABLE_DEBUG_INFO = NO;
				SDKROOT = iphoneos;
				SWIFT_COMPILATION_MODE = wholemodule;
				SWIFT_OPTIMIZATION_LEVEL = "-O";
				VALIDATE_PRODUCT = YES;
			};
			name = Release;
		};
		69DF156920D0D88800A3400D /* Debug */ = {
			isa = XCBuildConfiguration;
			buildSettings = {
				ASSETCATALOG_COMPILER_APPICON_NAME = AppIcon;
				CODE_SIGN_STYLE = Automatic;
				DEVELOPMENT_TEAM = P7U2G798W8;
				INFOPLIST_FILE = JDStoreSearch/Info.plist;
				LD_RUNPATH_SEARCH_PATHS = (
					"$(inherited)",
					"@executable_path/Frameworks",
				);
				PRODUCT_BUNDLE_IDENTIFIER = jd.JDStoreSearch;
				PRODUCT_NAME = "$(TARGET_NAME)";
				SWIFT_VERSION = 4.0;
				TARGETED_DEVICE_FAMILY = "1,2";
			};
			name = Debug;
		};
		69DF156A20D0D88800A3400D /* Release */ = {
			isa = XCBuildConfiguration;
			buildSettings = {
				ASSETCATALOG_COMPILER_APPICON_NAME = AppIcon;
				CODE_SIGN_STYLE = Automatic;
				DEVELOPMENT_TEAM = P7U2G798W8;
				INFOPLIST_FILE = JDStoreSearch/Info.plist;
				LD_RUNPATH_SEARCH_PATHS = (
					"$(inherited)",
					"@executable_path/Frameworks",
				);
				PRODUCT_BUNDLE_IDENTIFIER = jd.JDStoreSearch;
				PRODUCT_NAME = "$(TARGET_NAME)";
				SWIFT_VERSION = 4.0;
				TARGETED_DEVICE_FAMILY = "1,2";
			};
			name = Release;
		};
/* End XCBuildConfiguration section */

/* Begin XCConfigurationList section */
		69DF155120D0D88600A3400D /* Build configuration list for PBXProject "JDStoreSearch" */ = {
			isa = XCConfigurationList;
			buildConfigurations = (
				69DF156620D0D88800A3400D /* Debug */,
				69DF156720D0D88800A3400D /* Release */,
			);
			defaultConfigurationIsVisible = 0;
			defaultConfigurationName = Release;
		};
		69DF156820D0D88800A3400D /* Build configuration list for PBXNativeTarget "JDStoreSearch" */ = {
			isa = XCConfigurationList;
			buildConfigurations = (
				69DF156920D0D88800A3400D /* Debug */,
				69DF156A20D0D88800A3400D /* Release */,
			);
			defaultConfigurationIsVisible = 0;
			defaultConfigurationName = Release;
		};
/* End XCConfigurationList section */
	};
	rootObject = 69DF154E20D0D88600A3400D /* Project object */;
}
